
Microsoft Visual Studio Solution File, Format Version 12.00
# Visual Studio Version 17
VisualStudioVersion = 17.2.32616.157
MinimumVisualStudioVersion = 10.0.40219.1
Project("{FAE04EC0-301F-11D3-BF4B-00C04F79EFBC}") = "ArmApi", "ArmApi\ArmApi.csproj", "{1A4356D3-1735-4F4A-8C15-302D45A7B6C3}"
EndProject
Global
	GlobalSection(SolutionConfigurationPlatforms) = preSolution
		Debug|Any CPU = Debug|Any CPU
		Release|Any CPU = Release|Any CPU
	EndGlobalSection
	GlobalSection(ProjectConfigurationPlatforms) = postSolution
		{1A4356D3-1735-4F4A-8C15-302D45A7B6C3}.Debug|Any CPU.ActiveCfg = Debug|Any CPU
		{1A4356D3-1735-4F4A-8C15-302D45A7B6C3}.Debug|Any CPU.Build.0 = Debug|Any CPU
		{1A4356D3-1735-4F4A-8C15-302D45A7B6C3}.Release|Any CPU.ActiveCfg = Release|Any CPU
		{1A4356D3-1735-4F4A-8C15-302D45A7B6C3}.Release|Any CPU.Build.0 = Release|Any CPU
	EndGlobalSection
	GlobalSection(SolutionProperties) = preSolution
		HideSolutionNode = FALSE
	EndGlobalSection
	GlobalSection(ExtensibilityGlobals) = postSolution
		SolutionGuid = {7F46577E-4CF9-4265-A879-C0EF8F1EAD23}
	EndGlobalSection
EndGlobal
